
Microsoft Visual Studio Solution File, Format Version 12.00
# Visual Studio 15
VisualStudioVersion = 15.0.28307.106
MinimumVisualStudioVersion = 10.0.40219.1
Project("{FAE04EC0-301F-11D3-BF4B-00C04F79EFBC}") = "AuctionApp.Android", "AuctionApp\AuctionApp.Android\AuctionApp.Android.csproj", "{4E133026-C02E-4D01-88F4-33B4C61D6087}"
EndProject
Project("{FAE04EC0-301F-11D3-BF4B-00C04F79EFBC}") = "AuctionApp.iOS", "AuctionApp\AuctionApp.iOS\AuctionApp.iOS.csproj", "{E6132E75-0F5A-4806-8F96-23EC891EBDC5}"
EndProject
Project("{FAE04EC0-301F-11D3-BF4B-00C04F79EFBC}") = "AuctionApp.UWP", "AuctionApp\AuctionApp.UWP\AuctionApp.UWP.csproj", "{A149141C-B64C-49B1-BD7F-0DBC89EF9AF5}"
EndProject
Project("{FAE04EC0-301F-11D3-BF4B-00C04F79EFBC}") = "AuctionApp", "AuctionApp\AuctionApp\AuctionApp.csproj", "{64B2D536-2560-4593-9B60-77CC8C2D617B}"
EndProject
Project("{FAE04EC0-301F-11D3-BF4B-00C04F79EFBC}") = "AuctionApp.Backend", "AuctionApp.Backend\AuctionApp.Backend.csproj", "{1039FBC4-9664-44C3-8542-50646B9AD6A2}"
EndProject
Global
	GlobalSection(SolutionConfigurationPlatforms) = preSolution
		Ad-Hoc|Any CPU = Ad-Hoc|Any CPU
		Ad-Hoc|ARM = Ad-Hoc|ARM
		Ad-Hoc|iPhone = Ad-Hoc|iPhone
		Ad-Hoc|iPhoneSimulator = Ad-Hoc|iPhoneSimulator
		Ad-Hoc|x64 = Ad-Hoc|x64
		Ad-Hoc|x86 = Ad-Hoc|x86
		AppStore|Any CPU = AppStore|Any CPU
		AppStore|ARM = AppStore|ARM
		AppStore|iPhone = AppStore|iPhone
		AppStore|iPhoneSimulator = AppStore|iPhoneSimulator
		AppStore|x64 = AppStore|x64
		AppStore|x86 = AppStore|x86
		Debug|Any CPU = Debug|Any CPU
		Debug|ARM = Debug|ARM
		Debug|iPhone = Debug|iPhone
		Debug|iPhoneSimulator = Debug|iPhoneSimulator
		Debug|x64 = Debug|x64
		Debug|x86 = Debug|x86
		Release|Any CPU = Release|Any CPU
		Release|ARM = Release|ARM
		Release|iPhone = Release|iPhone
		Release|iPhoneSimulator = Release|iPhoneSimulator
		Release|x64 = Release|x64
		Release|x86 = Release|x86
	EndGlobalSection
	GlobalSection(ProjectConfigurationPlatforms) = postSolution
		{4E133026-C02E-4D01-88F4-33B4C61D6087}.Ad-Hoc|Any CPU.ActiveCfg = Release|Any CPU
		{4E133026-C02E-4D01-88F4-33B4C61D6087}.Ad-Hoc|Any CPU.Build.0 = Release|Any CPU
		{4E133026-C02E-4D01-88F4-33B4C61D6087}.Ad-Hoc|Any CPU.Deploy.0 = Release|Any CPU
		{4E133026-C02E-4D01-88F4-33B4C61D6087}.Ad-Hoc|ARM.ActiveCfg = Release|Any CPU
		{4E133026-C02E-4D01-88F4-33B4C61D6087}.Ad-Hoc|ARM.Build.0 = Release|Any CPU
		{4E133026-C02E-4D01-88F4-33B4C61D6087}.Ad-Hoc|ARM.Deploy.0 = Release|Any CPU
		{4E133026-C02E-4D01-88F4-33B4C61D6087}.Ad-Hoc|iPhone.ActiveCfg = Release|Any CPU
		{4E133026-C02E-4D01-88F4-33B4C61D6087}.Ad-Hoc|iPhone.Build.0 = Release|Any CPU
		{4E133026-C02E-4D01-88F4-33B4C61D6087}.Ad-Hoc|iPhone.Deploy.0 = Release|Any CPU
		{4E133026-C02E-4D01-88F4-33B4C61D6087}.Ad-Hoc|iPhoneSimulator.ActiveCfg = Release|Any CPU
		{4E133026-C02E-4D01-88F4-33B4C61D6087}.Ad-Hoc|iPhoneSimulator.Build.0 = Release|Any CPU
		{4E133026-C02E-4D01-88F4-33B4C61D6087}.Ad-Hoc|iPhoneSimulator.Deploy.0 = Release|Any CPU
		{4E133026-C02E-4D01-88F4-33B4C61D6087}.Ad-Hoc|x64.ActiveCfg = Release|Any CPU
		{4E133026-C02E-4D01-88F4-33B4C61D6087}.Ad-Hoc|x64.Build.0 = Release|Any CPU
		{4E133026-C02E-4D01-88F4-33B4C61D6087}.Ad-Hoc|x64.Deploy.0 = Release|Any CPU
		{4E133026-C02E-4D01-88F4-33B4C61D6087}.Ad-Hoc|x86.ActiveCfg = Release|Any CPU
		{4E133026-C02E-4D01-88F4-33B4C61D6087}.Ad-Hoc|x86.Build.0 = Release|Any CPU
		{4E133026-C02E-4D01-88F4-33B4C61D6087}.Ad-Hoc|x86.Deploy.0 = Release|Any CPU
		{4E133026-C02E-4D01-88F4-33B4C61D6087}.AppStore|Any CPU.ActiveCfg = Release|Any CPU
		{4E133026-C02E-4D01-88F4-33B4C61D6087}.AppStore|Any CPU.Build.0 = Release|Any CPU
		{4E133026-C02E-4D01-88F4-33B4C61D6087}.AppStore|Any CPU.Deploy.0 = Release|Any CPU
		{4E133026-C02E-4D01-88F4-33B4C61D6087}.AppStore|ARM.ActiveCfg = Release|Any CPU
		{4E133026-C02E-4D01-88F4-33B4C61D6087}.AppStore|ARM.Build.0 = Release|Any CPU
		{4E133026-C02E-4D01-88F4-33B4C61D6087}.AppStore|ARM.Deploy.0 = Release|Any CPU
		{4E133026-C02E-4D01-88F4-33B4C61D6087}.AppStore|iPhone.ActiveCfg = Release|Any CPU
		{4E133026-C02E-4D01-88F4-33B4C61D6087}.AppStore|iPhone.Build.0 = Release|Any CPU
		{4E133026-C02E-4D01-88F4-33B4C61D6087}.AppStore|iPhone.Deploy.0 = Release|Any CPU
		{4E133026-C02E-4D01-88F4-33B4C61D6087}.AppStore|iPhoneSimulator.ActiveCfg = Release|Any CPU
		{4E133026-C02E-4D01-88F4-33B4C61D6087}.AppStore|iPhoneSimulator.Build.0 = Release|Any CPU
		{4E133026-C02E-4D01-88F4-33B4C61D6087}.AppStore|iPhoneSimulator.Deploy.0 = Release|Any CPU
		{4E133026-C02E-4D01-88F4-33B4C61D6087}.AppStore|x64.ActiveCfg = Release|Any CPU
		{4E133026-C02E-4D01-88F4-33B4C61D6087}.AppStore|x64.Build.0 = Release|Any CPU
		{4E133026-C02E-4D01-88F4-33B4C61D6087}.AppStore|x64.Deploy.0 = Release|Any CPU
		{4E133026-C02E-4D01-88F4-33B4C61D6087}.AppStore|x86.ActiveCfg = Release|Any CPU
		{4E133026-C02E-4D01-88F4-33B4C61D6087}.AppStore|x86.Build.0 = Release|Any CPU
		{4E133026-C02E-4D01-88F4-33B4C61D6087}.AppStore|x86.Deploy.0 = Release|Any CPU
		{4E133026-C02E-4D01-88F4-33B4C61D6087}.Debug|Any CPU.ActiveCfg = Debug|Any CPU
		{4E133026-C02E-4D01-88F4-33B4C61D6087}.Debug|Any CPU.Build.0 = Debug|Any CPU
		{4E133026-C02E-4D01-88F4-33B4C61D6087}.Debug|Any CPU.Deploy.0 = Debug|Any CPU
		{4E133026-C02E-4D01-88F4-33B4C61D6087}.Debug|ARM.ActiveCfg = Debug|Any CPU
		{4E133026-C02E-4D01-88F4-33B4C61D6087}.Debug|ARM.Build.0 = Debug|Any CPU
		{4E133026-C02E-4D01-88F4-33B4C61D6087}.Debug|ARM.Deploy.0 = Debug|Any CPU
		{4E133026-C02E-4D01-88F4-33B4C61D6087}.Debug|iPhone.ActiveCfg = Debug|Any CPU
		{4E133026-C02E-4D01-88F4-33B4C61D6087}.Debug|iPhone.Build.0 = Debug|Any CPU
		{4E133026-C02E-4D01-88F4-33B4C61D6087}.Debug|iPhone.Deploy.0 = Debug|Any CPU
		{4E133026-C02E-4D01-88F4-33B4C61D6087}.Debug|iPhoneSimulator.ActiveCfg = Debug|Any CPU
		{4E133026-C02E-4D01-88F4-33B4C61D6087}.Debug|iPhoneSimulator.Build.0 = Debug|Any CPU
		{4E133026-C02E-4D01-88F4-33B4C61D6087}.Debug|iPhoneSimulator.Deploy.0 = Debug|Any CPU
		{4E133026-C02E-4D01-88F4-33B4C61D6087}.Debug|x64.ActiveCfg = Debug|Any CPU
		{4E133026-C02E-4D01-88F4-33B4C61D6087}.Debug|x64.Build.0 = Debug|Any CPU
		{4E133026-C02E-4D01-88F4-33B4C61D6087}.Debug|x64.Deploy.0 = Debug|Any CPU
		{4E133026-C02E-4D01-88F4-33B4C61D6087}.Debug|x86.ActiveCfg = Debug|Any CPU
		{4E133026-C02E-4D01-88F4-33B4C61D6087}.Debug|x86.Build.0 = Debug|Any CPU
		{4E133026-C02E-4D01-88F4-33B4C61D6087}.Debug|x86.Deploy.0 = Debug|Any CPU
		{4E133026-C02E-4D01-88F4-33B4C61D6087}.Release|Any CPU.ActiveCfg = Release|Any CPU
		{4E133026-C02E-4D01-88F4-33B4C61D6087}.Release|Any CPU.Build.0 = Release|Any CPU
		{4E133026-C02E-4D01-88F4-33B4C61D6087}.Release|Any CPU.Deploy.0 = Release|Any CPU
		{4E133026-C02E-4D01-88F4-33B4C61D6087}.Release|ARM.ActiveCfg = Release|Any CPU
		{4E133026-C02E-4D01-88F4-33B4C61D6087}.Release|ARM.Build.0 = Release|Any CPU
		{4E133026-C02E-4D01-88F4-33B4C61D6087}.Release|ARM.Deploy.0 = Release|Any CPU
		{4E133026-C02E-4D01-88F4-33B4C61D6087}.Release|iPhone.ActiveCfg = Release|Any CPU
		{4E133026-C02E-4D01-88F4-33B4C61D6087}.Release|iPhone.Build.0 = Release|Any CPU
		{4E133026-C02E-4D01-88F4-33B4C61D6087}.Release|iPhone.Deploy.0 = Release|Any CPU
		{4E133026-C02E-4D01-88F4-33B4C61D6087}.Release|iPhoneSimulator.ActiveCfg = Release|Any CPU
		{4E133026-C02E-4D01-88F4-33B4C61D6087}.Release|iPhoneSimulator.Build.0 = Release|Any CPU
		{4E133026-C02E-4D01-88F4-33B4C61D6087}.Release|iPhoneSimulator.Deploy.0 = Release|Any CPU
		{4E133026-C02E-4D01-88F4-33B4C61D6087}.Release|x64.ActiveCfg = Release|Any CPU
		{4E133026-C02E-4D01-88F4-33B4C61D6087}.Release|x64.Build.0 = Release|Any CPU
		{4E133026-C02E-4D01-88F4-33B4C61D6087}.Release|x64.Deploy.0 = Release|Any CPU
		{4E133026-C02E-4D01-88F4-33B4C61D6087}.Release|x86.ActiveCfg = Release|Any CPU
		{4E133026-C02E-4D01-88F4-33B4C61D6087}.Release|x86.Build.0 = Release|Any CPU
		{4E133026-C02E-4D01-88F4-33B4C61D6087}.Release|x86.Deploy.0 = Release|Any CPU
		{E6132E75-0F5A-4806-8F96-23EC891EBDC5}.Ad-Hoc|Any CPU.ActiveCfg = Ad-Hoc|iPhone
		{E6132E75-0F5A-4806-8F96-23EC891EBDC5}.Ad-Hoc|Any CPU.Build.0 = Ad-Hoc|iPhone
		{E6132E75-0F5A-4806-8F96-23EC891EBDC5}.Ad-Hoc|Any CPU.Deploy.0 = Ad-Hoc|iPhone
		{E6132E75-0F5A-4806-8F96-23EC891EBDC5}.Ad-Hoc|ARM.ActiveCfg = Ad-Hoc|iPhone
		{E6132E75-0F5A-4806-8F96-23EC891EBDC5}.Ad-Hoc|ARM.Build.0 = Ad-Hoc|iPhone
		{E6132E75-0F5A-4806-8F96-23EC891EBDC5}.Ad-Hoc|ARM.Deploy.0 = Ad-Hoc|iPhone
		{E6132E75-0F5A-4806-8F96-23EC891EBDC5}.Ad-Hoc|iPhone.ActiveCfg = Ad-Hoc|iPhone
		{E6132E75-0F5A-4806-8F96-23EC891EBDC5}.Ad-Hoc|iPhone.Build.0 = Ad-Hoc|iPhone
		{E6132E75-0F5A-4806-8F96-23EC891EBDC5}.Ad-Hoc|iPhone.Deploy.0 = Ad-Hoc|iPhone
		{E6132E75-0F5A-4806-8F96-23EC891EBDC5}.Ad-Hoc|iPhoneSimulator.ActiveCfg = Ad-Hoc|iPhoneSimulator
		{E6132E75-0F5A-4806-8F96-23EC891EBDC5}.Ad-Hoc|iPhoneSimulator.Build.0 = Ad-Hoc|iPhoneSimulator
		{E6132E75-0F5A-4806-8F96-23EC891EBDC5}.Ad-Hoc|iPhoneSimulator.Deploy.0 = Ad-Hoc|iPhoneSimulator
		{E6132E75-0F5A-4806-8F96-23EC891EBDC5}.Ad-Hoc|x64.ActiveCfg = Ad-Hoc|iPhone
		{E6132E75-0F5A-4806-8F96-23EC891EBDC5}.Ad-Hoc|x64.Build.0 = Ad-Hoc|iPhone
		{E6132E75-0F5A-4806-8F96-23EC891EBDC5}.Ad-Hoc|x64.Deploy.0 = Ad-Hoc|iPhone
		{E6132E75-0F5A-4806-8F96-23EC891EBDC5}.Ad-Hoc|x86.ActiveCfg = Ad-Hoc|iPhone
		{E6132E75-0F5A-4806-8F96-23EC891EBDC5}.Ad-Hoc|x86.Build.0 = Ad-Hoc|iPhone
		{E6132E75-0F5A-4806-8F96-23EC891EBDC5}.Ad-Hoc|x86.Deploy.0 = Ad-Hoc|iPhone
		{E6132E75-0F5A-4806-8F96-23EC891EBDC5}.AppStore|Any CPU.ActiveCfg = AppStore|iPhone
		{E6132E75-0F5A-4806-8F96-23EC891EBDC5}.AppStore|Any CPU.Build.0 = AppStore|iPhone
		{E6132E75-0F5A-4806-8F96-23EC891EBDC5}.AppStore|Any CPU.Deploy.0 = AppStore|iPhone
		{E6132E75-0F5A-4806-8F96-23EC891EBDC5}.AppStore|ARM.ActiveCfg = AppStore|iPhone
		{E6132E75-0F5A-4806-8F96-23EC891EBDC5}.AppStore|ARM.Build.0 = AppStore|iPhone
		{E6132E75-0F5A-4806-8F96-23EC891EBDC5}.AppStore|ARM.Deploy.0 = AppStore|iPhone
		{E6132E75-0F5A-4806-8F96-23EC891EBDC5}.AppStore|iPhone.ActiveCfg = AppStore|iPhone
		{E6132E75-0F5A-4806-8F96-23EC891EBDC5}.AppStore|iPhone.Build.0 = AppStore|iPhone
		{E6132E75-0F5A-4806-8F96-23EC891EBDC5}.AppStore|iPhone.Deploy.0 = AppStore|iPhone
		{E6132E75-0F5A-4806-8F96-23EC891EBDC5}.AppStore|iPhoneSimulator.ActiveCfg = AppStore|iPhoneSimulator
		{E6132E75-0F5A-4806-8F96-23EC891EBDC5}.AppStore|iPhoneSimulator.Build.0 = AppStore|iPhoneSimulator
		{E6132E75-0F5A-4806-8F96-23EC891EBDC5}.AppStore|iPhoneSimulator.Deploy.0 = AppStore|iPhoneSimulator
		{E6132E75-0F5A-4806-8F96-23EC891EBDC5}.AppStore|x64.ActiveCfg = AppStore|iPhone
		{E6132E75-0F5A-4806-8F96-23EC891EBDC5}.AppStore|x64.Build.0 = AppStore|iPhone
		{E6132E75-0F5A-4806-8F96-23EC891EBDC5}.AppStore|x64.Deploy.0 = AppStore|iPhone
		{E6132E75-0F5A-4806-8F96-23EC891EBDC5}.AppStore|x86.ActiveCfg = AppStore|iPhone
		{E6132E75-0F5A-4806-8F96-23EC891EBDC5}.AppStore|x86.Build.0 = AppStore|iPhone
		{E6132E75-0F5A-4806-8F96-23EC891EBDC5}.AppStore|x86.Deploy.0 = AppStore|iPhone
		{E6132E75-0F5A-4806-8F96-23EC891EBDC5}.Debug|Any CPU.ActiveCfg = Debug|iPhoneSimulator
		{E6132E75-0F5A-4806-8F96-23EC891EBDC5}.Debug|Any CPU.Build.0 = Debug|iPhoneSimulator
		{E6132E75-0F5A-4806-8F96-23EC891EBDC5}.Debug|Any CPU.Deploy.0 = Debug|iPhoneSimulator
		{E6132E75-0F5A-4806-8F96-23EC891EBDC5}.Debug|ARM.ActiveCfg = Debug|iPhone
		{E6132E75-0F5A-4806-8F96-23EC891EBDC5}.Debug|ARM.Build.0 = Debug|iPhone
		{E6132E75-0F5A-4806-8F96-23EC891EBDC5}.Debug|ARM.Deploy.0 = Debug|iPhone
		{E6132E75-0F5A-4806-8F96-23EC891EBDC5}.Debug|iPhone.ActiveCfg = Debug|iPhone
		{E6132E75-0F5A-4806-8F96-23EC891EBDC5}.Debug|iPhone.Build.0 = Debug|iPhone
		{E6132E75-0F5A-4806-8F96-23EC891EBDC5}.Debug|iPhone.Deploy.0 = Debug|iPhone
		{E6132E75-0F5A-4806-8F96-23EC891EBDC5}.Debug|iPhoneSimulator.ActiveCfg = Debug|iPhoneSimulator
		{E6132E75-0F5A-4806-8F96-23EC891EBDC5}.Debug|iPhoneSimulator.Build.0 = Debug|iPhoneSimulator
		{E6132E75-0F5A-4806-8F96-23EC891EBDC5}.Debug|iPhoneSimulator.Deploy.0 = Debug|iPhoneSimulator
		{E6132E75-0F5A-4806-8F96-23EC891EBDC5}.Debug|x64.ActiveCfg = Debug|iPhone
		{E6132E75-0F5A-4806-8F96-23EC891EBDC5}.Debug|x64.Build.0 = Debug|iPhone
		{E6132E75-0F5A-4806-8F96-23EC891EBDC5}.Debug|x64.Deploy.0 = Debug|iPhone
		{E6132E75-0F5A-4806-8F96-23EC891EBDC5}.Debug|x86.ActiveCfg = Debug|iPhone
		{E6132E75-0F5A-4806-8F96-23EC891EBDC5}.Debug|x86.Build.0 = Debug|iPhone
		{E6132E75-0F5A-4806-8F96-23EC891EBDC5}.Debug|x86.Deploy.0 = Debug|iPhone
		{E6132E75-0F5A-4806-8F96-23EC891EBDC5}.Release|Any CPU.ActiveCfg = Release|iPhone
		{E6132E75-0F5A-4806-8F96-23EC891EBDC5}.Release|Any CPU.Build.0 = Release|iPhone
		{E6132E75-0F5A-4806-8F96-23EC891EBDC5}.Release|Any CPU.Deploy.0 = Release|iPhone
		{E6132E75-0F5A-4806-8F96-23EC891EBDC5}.Release|ARM.ActiveCfg = Release|iPhone
		{E6132E75-0F5A-4806-8F96-23EC891EBDC5}.Release|ARM.Build.0 = Release|iPhone
		{E6132E75-0F5A-4806-8F96-23EC891EBDC5}.Release|ARM.Deploy.0 = Release|iPhone
		{E6132E75-0F5A-4806-8F96-23EC891EBDC5}.Release|iPhone.ActiveCfg = Release|iPhone
		{E6132E75-0F5A-4806-8F96-23EC891EBDC5}.Release|iPhone.Build.0 = Release|iPhone
		{E6132E75-0F5A-4806-8F96-23EC891EBDC5}.Release|iPhone.Deploy.0 = Release|iPhone
		{E6132E75-0F5A-4806-8F96-23EC891EBDC5}.Release|iPhoneSimulator.ActiveCfg = Release|iPhoneSimulator
		{E6132E75-0F5A-4806-8F96-23EC891EBDC5}.Release|iPhoneSimulator.Build.0 = Release|iPhoneSimulator
		{E6132E75-0F5A-4806-8F96-23EC891EBDC5}.Release|iPhoneSimulator.Deploy.0 = Release|iPhoneSimulator
		{E6132E75-0F5A-4806-8F96-23EC891EBDC5}.Release|x64.ActiveCfg = Release|iPhone
		{E6132E75-0F5A-4806-8F96-23EC891EBDC5}.Release|x64.Build.0 = Release|iPhone
		{E6132E75-0F5A-4806-8F96-23EC891EBDC5}.Release|x64.Deploy.0 = Release|iPhone
		{E6132E75-0F5A-4806-8F96-23EC891EBDC5}.Release|x86.ActiveCfg = Release|iPhone
		{E6132E75-0F5A-4806-8F96-23EC891EBDC5}.Release|x86.Build.0 = Release|iPhone
		{E6132E75-0F5A-4806-8F96-23EC891EBDC5}.Release|x86.Deploy.0 = Release|iPhone
		{A149141C-B64C-49B1-BD7F-0DBC89EF9AF5}.Ad-Hoc|Any CPU.ActiveCfg = Release|x86
		{A149141C-B64C-49B1-BD7F-0DBC89EF9AF5}.Ad-Hoc|Any CPU.Build.0 = Release|x86
		{A149141C-B64C-49B1-BD7F-0DBC89EF9AF5}.Ad-Hoc|Any CPU.Deploy.0 = Release|x86
		{A149141C-B64C-49B1-BD7F-0DBC89EF9AF5}.Ad-Hoc|ARM.ActiveCfg = Release|ARM
		{A149141C-B64C-49B1-BD7F-0DBC89EF9AF5}.Ad-Hoc|ARM.Build.0 = Release|ARM
		{A149141C-B64C-49B1-BD7F-0DBC89EF9AF5}.Ad-Hoc|ARM.Deploy.0 = Release|ARM
		{A149141C-B64C-49B1-BD7F-0DBC89EF9AF5}.Ad-Hoc|iPhone.ActiveCfg = Release|x86
		{A149141C-B64C-49B1-BD7F-0DBC89EF9AF5}.Ad-Hoc|iPhone.Build.0 = Release|x86
		{A149141C-B64C-49B1-BD7F-0DBC89EF9AF5}.Ad-Hoc|iPhone.Deploy.0 = Release|x86
		{A149141C-B64C-49B1-BD7F-0DBC89EF9AF5}.Ad-Hoc|iPhoneSimulator.ActiveCfg = Release|x86
		{A149141C-B64C-49B1-BD7F-0DBC89EF9AF5}.Ad-Hoc|iPhoneSimulator.Build.0 = Release|x86
		{A149141C-B64C-49B1-BD7F-0DBC89EF9AF5}.Ad-Hoc|iPhoneSimulator.Deploy.0 = Release|x86
		{A149141C-B64C-49B1-BD7F-0DBC89EF9AF5}.Ad-Hoc|x64.ActiveCfg = Release|x64
		{A149141C-B64C-49B1-BD7F-0DBC89EF9AF5}.Ad-Hoc|x64.Build.0 = Release|x64
		{A149141C-B64C-49B1-BD7F-0DBC89EF9AF5}.Ad-Hoc|x64.Deploy.0 = Release|x64
		{A149141C-B64C-49B1-BD7F-0DBC89EF9AF5}.Ad-Hoc|x86.ActiveCfg = Release|x86
		{A149141C-B64C-49B1-BD7F-0DBC89EF9AF5}.Ad-Hoc|x86.Build.0 = Release|x86
		{A149141C-B64C-49B1-BD7F-0DBC89EF9AF5}.Ad-Hoc|x86.Deploy.0 = Release|x86
		{A149141C-B64C-49B1-BD7F-0DBC89EF9AF5}.AppStore|Any CPU.ActiveCfg = Release|x86
		{A149141C-B64C-49B1-BD7F-0DBC89EF9AF5}.AppStore|Any CPU.Build.0 = Release|x86
		{A149141C-B64C-49B1-BD7F-0DBC89EF9AF5}.AppStore|Any CPU.Deploy.0 = Release|x86
		{A149141C-B64C-49B1-BD7F-0DBC89EF9AF5}.AppStore|ARM.ActiveCfg = Release|ARM
		{A149141C-B64C-49B1-BD7F-0DBC89EF9AF5}.AppStore|ARM.Build.0 = Release|ARM
		{A149141C-B64C-49B1-BD7F-0DBC89EF9AF5}.AppStore|ARM.Deploy.0 = Release|ARM
		{A149141C-B64C-49B1-BD7F-0DBC89EF9AF5}.AppStore|iPhone.ActiveCfg = Release|x86
		{A149141C-B64C-49B1-BD7F-0DBC89EF9AF5}.AppStore|iPhone.Build.0 = Release|x86
		{A149141C-B64C-49B1-BD7F-0DBC89EF9AF5}.AppStore|iPhone.Deploy.0 = Release|x86
		{A149141C-B64C-49B1-BD7F-0DBC89EF9AF5}.AppStore|iPhoneSimulator.ActiveCfg = Release|x86
		{A149141C-B64C-49B1-BD7F-0DBC89EF9AF5}.AppStore|iPhoneSimulator.Build.0 = Release|x86
		{A149141C-B64C-49B1-BD7F-0DBC89EF9AF5}.AppStore|iPhoneSimulator.Deploy.0 = Release|x86
		{A149141C-B64C-49B1-BD7F-0DBC89EF9AF5}.AppStore|x64.ActiveCfg = Release|x64
		{A149141C-B64C-49B1-BD7F-0DBC89EF9AF5}.AppStore|x64.Build.0 = Release|x64
		{A149141C-B64C-49B1-BD7F-0DBC89EF9AF5}.AppStore|x64.Deploy.0 = Release|x64
		{A149141C-B64C-49B1-BD7F-0DBC89EF9AF5}.AppStore|x86.ActiveCfg = Release|x86
		{A149141C-B64C-49B1-BD7F-0DBC89EF9AF5}.AppStore|x86.Build.0 = Release|x86
		{A149141C-B64C-49B1-BD7F-0DBC89EF9AF5}.AppStore|x86.Deploy.0 = Release|x86
		{A149141C-B64C-49B1-BD7F-0DBC89EF9AF5}.Debug|Any CPU.ActiveCfg = Debug|x86
		{A149141C-B64C-49B1-BD7F-0DBC89EF9AF5}.Debug|Any CPU.Build.0 = Debug|x86
		{A149141C-B64C-49B1-BD7F-0DBC89EF9AF5}.Debug|Any CPU.Deploy.0 = Debug|x86
		{A149141C-B64C-49B1-BD7F-0DBC89EF9AF5}.Debug|ARM.ActiveCfg = Debug|ARM
		{A149141C-B64C-49B1-BD7F-0DBC89EF9AF5}.Debug|ARM.Build.0 = Debug|ARM
		{A149141C-B64C-49B1-BD7F-0DBC89EF9AF5}.Debug|ARM.Deploy.0 = Debug|ARM
		{A149141C-B64C-49B1-BD7F-0DBC89EF9AF5}.Debug|iPhone.ActiveCfg = Debug|x86
		{A149141C-B64C-49B1-BD7F-0DBC89EF9AF5}.Debug|iPhone.Build.0 = Debug|x86
		{A149141C-B64C-49B1-BD7F-0DBC89EF9AF5}.Debug|iPhone.Deploy.0 = Debug|x86
		{A149141C-B64C-49B1-BD7F-0DBC89EF9AF5}.Debug|iPhoneSimulator.ActiveCfg = Debug|x86
		{A149141C-B64C-49B1-BD7F-0DBC89EF9AF5}.Debug|iPhoneSimulator.Build.0 = Debug|x86
		{A149141C-B64C-49B1-BD7F-0DBC89EF9AF5}.Debug|iPhoneSimulator.Deploy.0 = Debug|x86
		{A149141C-B64C-49B1-BD7F-0DBC89EF9AF5}.Debug|x64.ActiveCfg = Debug|x64
		{A149141C-B64C-49B1-BD7F-0DBC89EF9AF5}.Debug|x64.Build.0 = Debug|x64
		{A149141C-B64C-49B1-BD7F-0DBC89EF9AF5}.Debug|x64.Deploy.0 = Debug|x64
		{A149141C-B64C-49B1-BD7F-0DBC89EF9AF5}.Debug|x86.ActiveCfg = Debug|x86
		{A149141C-B64C-49B1-BD7F-0DBC89EF9AF5}.Debug|x86.Build.0 = Debug|x86
		{A149141C-B64C-49B1-BD7F-0DBC89EF9AF5}.Debug|x86.Deploy.0 = Debug|x86
		{A149141C-B64C-49B1-BD7F-0DBC89EF9AF5}.Release|Any CPU.ActiveCfg = Release|x86
		{A149141C-B64C-49B1-BD7F-0DBC89EF9AF5}.Release|Any CPU.Build.0 = Release|x86
		{A149141C-B64C-49B1-BD7F-0DBC89EF9AF5}.Release|Any CPU.Deploy.0 = Release|x86
		{A149141C-B64C-49B1-BD7F-0DBC89EF9AF5}.Release|ARM.ActiveCfg = Release|ARM
		{A149141C-B64C-49B1-BD7F-0DBC89EF9AF5}.Release|ARM.Build.0 = Release|ARM
		{A149141C-B64C-49B1-BD7F-0DBC89EF9AF5}.Release|ARM.Deploy.0 = Release|ARM
		{A149141C-B64C-49B1-BD7F-0DBC89EF9AF5}.Release|iPhone.ActiveCfg = Release|x86
		{A149141C-B64C-49B1-BD7F-0DBC89EF9AF5}.Release|iPhone.Build.0 = Release|x86
		{A149141C-B64C-49B1-BD7F-0DBC89EF9AF5}.Release|iPhone.Deploy.0 = Release|x86
		{A149141C-B64C-49B1-BD7F-0DBC89EF9AF5}.Release|iPhoneSimulator.ActiveCfg = Release|x86
		{A149141C-B64C-49B1-BD7F-0DBC89EF9AF5}.Release|iPhoneSimulator.Build.0 = Release|x86
		{A149141C-B64C-49B1-BD7F-0DBC89EF9AF5}.Release|iPhoneSimulator.Deploy.0 = Release|x86
		{A149141C-B64C-49B1-BD7F-0DBC89EF9AF5}.Release|x64.ActiveCfg = Release|x64
		{A149141C-B64C-49B1-BD7F-0DBC89EF9AF5}.Release|x64.Build.0 = Release|x64
		{A149141C-B64C-49B1-BD7F-0DBC89EF9AF5}.Release|x64.Deploy.0 = Release|x64
		{A149141C-B64C-49B1-BD7F-0DBC89EF9AF5}.Release|x86.ActiveCfg = Release|x86
		{A149141C-B64C-49B1-BD7F-0DBC89EF9AF5}.Release|x86.Build.0 = Release|x86
		{A149141C-B64C-49B1-BD7F-0DBC89EF9AF5}.Release|x86.Deploy.0 = Release|x86
		{64B2D536-2560-4593-9B60-77CC8C2D617B}.Ad-Hoc|Any CPU.ActiveCfg = Debug|Any CPU
		{64B2D536-2560-4593-9B60-77CC8C2D617B}.Ad-Hoc|Any CPU.Build.0 = Debug|Any CPU
		{64B2D536-2560-4593-9B60-77CC8C2D617B}.Ad-Hoc|Any CPU.Deploy.0 = Debug|Any CPU
		{64B2D536-2560-4593-9B60-77CC8C2D617B}.Ad-Hoc|ARM.ActiveCfg = Debug|Any CPU
		{64B2D536-2560-4593-9B60-77CC8C2D617B}.Ad-Hoc|ARM.Build.0 = Debug|Any CPU
		{64B2D536-2560-4593-9B60-77CC8C2D617B}.Ad-Hoc|ARM.Deploy.0 = Debug|Any CPU
		{64B2D536-2560-4593-9B60-77CC8C2D617B}.Ad-Hoc|iPhone.ActiveCfg = Debug|Any CPU
		{64B2D536-2560-4593-9B60-77CC8C2D617B}.Ad-Hoc|iPhone.Build.0 = Debug|Any CPU
		{64B2D536-2560-4593-9B60-77CC8C2D617B}.Ad-Hoc|iPhone.Deploy.0 = Debug|Any CPU
		{64B2D536-2560-4593-9B60-77CC8C2D617B}.Ad-Hoc|iPhoneSimulator.ActiveCfg = Debug|Any CPU
		{64B2D536-2560-4593-9B60-77CC8C2D617B}.Ad-Hoc|iPhoneSimulator.Build.0 = Debug|Any CPU
		{64B2D536-2560-4593-9B60-77CC8C2D617B}.Ad-Hoc|iPhoneSimulator.Deploy.0 = Debug|Any CPU
		{64B2D536-2560-4593-9B60-77CC8C2D617B}.Ad-Hoc|x64.ActiveCfg = Debug|Any CPU
		{64B2D536-2560-4593-9B60-77CC8C2D617B}.Ad-Hoc|x64.Build.0 = Debug|Any CPU
		{64B2D536-2560-4593-9B60-77CC8C2D617B}.Ad-Hoc|x64.Deploy.0 = Debug|Any CPU
		{64B2D536-2560-4593-9B60-77CC8C2D617B}.Ad-Hoc|x86.ActiveCfg = Debug|Any CPU
		{64B2D536-2560-4593-9B60-77CC8C2D617B}.Ad-Hoc|x86.Build.0 = Debug|Any CPU
		{64B2D536-2560-4593-9B60-77CC8C2D617B}.Ad-Hoc|x86.Deploy.0 = Debug|Any CPU
		{64B2D536-2560-4593-9B60-77CC8C2D617B}.AppStore|Any CPU.ActiveCfg = Debug|Any CPU
		{64B2D536-2560-4593-9B60-77CC8C2D617B}.AppStore|Any CPU.Build.0 = Debug|Any CPU
		{64B2D536-2560-4593-9B60-77CC8C2D617B}.AppStore|Any CPU.Deploy.0 = Debug|Any CPU
		{64B2D536-2560-4593-9B60-77CC8C2D617B}.AppStore|ARM.ActiveCfg = Debug|Any CPU
		{64B2D536-2560-4593-9B60-77CC8C2D617B}.AppStore|ARM.Build.0 = Debug|Any CPU
		{64B2D536-2560-4593-9B60-77CC8C2D617B}.AppStore|ARM.Deploy.0 = Debug|Any CPU
		{64B2D536-2560-4593-9B60-77CC8C2D617B}.AppStore|iPhone.ActiveCfg = Debug|Any CPU
		{64B2D536-2560-4593-9B60-77CC8C2D617B}.AppStore|iPhone.Build.0 = Debug|Any CPU
		{64B2D536-2560-4593-9B60-77CC8C2D617B}.AppStore|iPhone.Deploy.0 = Debug|Any CPU
		{64B2D536-2560-4593-9B60-77CC8C2D617B}.AppStore|iPhoneSimulator.ActiveCfg = Debug|Any CPU
		{64B2D536-2560-4593-9B60-77CC8C2D617B}.AppStore|iPhoneSimulator.Build.0 = Debug|Any CPU
		{64B2D536-2560-4593-9B60-77CC8C2D617B}.AppStore|iPhoneSimulator.Deploy.0 = Debug|Any CPU
		{64B2D536-2560-4593-9B60-77CC8C2D617B}.AppStore|x64.ActiveCfg = Debug|Any CPU
		{64B2D536-2560-4593-9B60-77CC8C2D617B}.AppStore|x64.Build.0 = Debug|Any CPU
		{64B2D536-2560-4593-9B60-77CC8C2D617B}.AppStore|x64.Deploy.0 = Debug|Any CPU
		{64B2D536-2560-4593-9B60-77CC8C2D617B}.AppStore|x86.ActiveCfg = Debug|Any CPU
		{64B2D536-2560-4593-9B60-77CC8C2D617B}.AppStore|x86.Build.0 = Debug|Any CPU
		{64B2D536-2560-4593-9B60-77CC8C2D617B}.AppStore|x86.Deploy.0 = Debug|Any CPU
		{64B2D536-2560-4593-9B60-77CC8C2D617B}.Debug|Any CPU.ActiveCfg = Debug|Any CPU
		{64B2D536-2560-4593-9B60-77CC8C2D617B}.Debug|Any CPU.Build.0 = Debug|Any CPU
		{64B2D536-2560-4593-9B60-77CC8C2D617B}.Debug|Any CPU.Deploy.0 = Debug|Any CPU
		{64B2D536-2560-4593-9B60-77CC8C2D617B}.Debug|ARM.ActiveCfg = Debug|Any CPU
		{64B2D536-2560-4593-9B60-77CC8C2D617B}.Debug|ARM.Build.0 = Debug|Any CPU
		{64B2D536-2560-4593-9B60-77CC8C2D617B}.Debug|ARM.Deploy.0 = Debug|Any CPU
		{64B2D536-2560-4593-9B60-77CC8C2D617B}.Debug|iPhone.ActiveCfg = Debug|Any CPU
		{64B2D536-2560-4593-9B60-77CC8C2D617B}.Debug|iPhone.Build.0 = Debug|Any CPU
		{64B2D536-2560-4593-9B60-77CC8C2D617B}.Debug|iPhone.Deploy.0 = Debug|Any CPU
		{64B2D536-2560-4593-9B60-77CC8C2D617B}.Debug|iPhoneSimulator.ActiveCfg = Debug|Any CPU
		{64B2D536-2560-4593-9B60-77CC8C2D617B}.Debug|iPhoneSimulator.Build.0 = Debug|Any CPU
		{64B2D536-2560-4593-9B60-77CC8C2D617B}.Debug|iPhoneSimulator.Deploy.0 = Debug|Any CPU
		{64B2D536-2560-4593-9B60-77CC8C2D617B}.Debug|x64.ActiveCfg = Debug|Any CPU
		{64B2D536-2560-4593-9B60-77CC8C2D617B}.Debug|x64.Build.0 = Debug|Any CPU
		{64B2D536-2560-4593-9B60-77CC8C2D617B}.Debug|x64.Deploy.0 = Debug|Any CPU
		{64B2D536-2560-4593-9B60-77CC8C2D617B}.Debug|x86.ActiveCfg = Debug|Any CPU
		{64B2D536-2560-4593-9B60-77CC8C2D617B}.Debug|x86.Build.0 = Debug|Any CPU
		{64B2D536-2560-4593-9B60-77CC8C2D617B}.Debug|x86.Deploy.0 = Debug|Any CPU
		{64B2D536-2560-4593-9B60-77CC8C2D617B}.Release|Any CPU.ActiveCfg = Release|Any CPU
		{64B2D536-2560-4593-9B60-77CC8C2D617B}.Release|Any CPU.Build.0 = Release|Any CPU
		{64B2D536-2560-4593-9B60-77CC8C2D617B}.Release|Any CPU.Deploy.0 = Release|Any CPU
		{64B2D536-2560-4593-9B60-77CC8C2D617B}.Release|ARM.ActiveCfg = Release|Any CPU
		{64B2D536-2560-4593-9B60-77CC8C2D617B}.Release|ARM.Build.0 = Release|Any CPU
		{64B2D536-2560-4593-9B60-77CC8C2D617B}.Release|ARM.Deploy.0 = Release|Any CPU
		{64B2D536-2560-4593-9B60-77CC8C2D617B}.Release|iPhone.ActiveCfg = Release|Any CPU
		{64B2D536-2560-4593-9B60-77CC8C2D617B}.Release|iPhone.Build.0 = Release|Any CPU
		{64B2D536-2560-4593-9B60-77CC8C2D617B}.Release|iPhone.Deploy.0 = Release|Any CPU
		{64B2D536-2560-4593-9B60-77CC8C2D617B}.Release|iPhoneSimulator.ActiveCfg = Release|Any CPU
		{64B2D536-2560-4593-9B60-77CC8C2D617B}.Release|iPhoneSimulator.Build.0 = Release|Any CPU
		{64B2D536-2560-4593-9B60-77CC8C2D617B}.Release|iPhoneSimulator.Deploy.0 = Release|Any CPU
		{64B2D536-2560-4593-9B60-77CC8C2D617B}.Release|x64.ActiveCfg = Release|Any CPU
		{64B2D536-2560-4593-9B60-77CC8C2D617B}.Release|x64.Build.0 = Release|Any CPU
		{64B2D536-2560-4593-9B60-77CC8C2D617B}.Release|x64.Deploy.0 = Release|Any CPU
		{64B2D536-2560-4593-9B60-77CC8C2D617B}.Release|x86.ActiveCfg = Release|Any CPU
		{64B2D536-2560-4593-9B60-77CC8C2D617B}.Release|x86.Build.0 = Release|Any CPU
		{64B2D536-2560-4593-9B60-77CC8C2D617B}.Release|x86.Deploy.0 = Release|Any CPU
		{1039FBC4-9664-44C3-8542-50646B9AD6A2}.Ad-Hoc|Any CPU.ActiveCfg = Release|Any CPU
		{1039FBC4-9664-44C3-8542-50646B9AD6A2}.Ad-Hoc|Any CPU.Build.0 = Release|Any CPU
		{1039FBC4-9664-44C3-8542-50646B9AD6A2}.Ad-Hoc|ARM.ActiveCfg = Release|Any CPU
		{1039FBC4-9664-44C3-8542-50646B9AD6A2}.Ad-Hoc|ARM.Build.0 = Release|Any CPU
		{1039FBC4-9664-44C3-8542-50646B9AD6A2}.Ad-Hoc|iPhone.ActiveCfg = Release|Any CPU
		{1039FBC4-9664-44C3-8542-50646B9AD6A2}.Ad-Hoc|iPhone.Build.0 = Release|Any CPU
		{1039FBC4-9664-44C3-8542-50646B9AD6A2}.Ad-Hoc|iPhoneSimulator.ActiveCfg = Release|Any CPU
		{1039FBC4-9664-44C3-8542-50646B9AD6A2}.Ad-Hoc|iPhoneSimulator.Build.0 = Release|Any CPU
		{1039FBC4-9664-44C3-8542-50646B9AD6A2}.Ad-Hoc|x64.ActiveCfg = Release|Any CPU
		{1039FBC4-9664-44C3-8542-50646B9AD6A2}.Ad-Hoc|x64.Build.0 = Release|Any CPU
		{1039FBC4-9664-44C3-8542-50646B9AD6A2}.Ad-Hoc|x86.ActiveCfg = Release|Any CPU
		{1039FBC4-9664-44C3-8542-50646B9AD6A2}.Ad-Hoc|x86.Build.0 = Release|Any CPU
		{1039FBC4-9664-44C3-8542-50646B9AD6A2}.AppStore|Any CPU.ActiveCfg = Release|Any CPU
		{1039FBC4-9664-44C3-8542-50646B9AD6A2}.AppStore|Any CPU.Build.0 = Release|Any CPU
		{1039FBC4-9664-44C3-8542-50646B9AD6A2}.AppStore|ARM.ActiveCfg = Release|Any CPU
		{1039FBC4-9664-44C3-8542-50646B9AD6A2}.AppStore|ARM.Build.0 = Release|Any CPU
		{1039FBC4-9664-44C3-8542-50646B9AD6A2}.AppStore|iPhone.ActiveCfg = Release|Any CPU
		{1039FBC4-9664-44C3-8542-50646B9AD6A2}.AppStore|iPhone.Build.0 = Release|Any CPU
		{1039FBC4-9664-44C3-8542-50646B9AD6A2}.AppStore|iPhoneSimulator.ActiveCfg = Release|Any CPU
		{1039FBC4-9664-44C3-8542-50646B9AD6A2}.AppStore|iPhoneSimulator.Build.0 = Release|Any CPU
		{1039FBC4-9664-44C3-8542-50646B9AD6A2}.AppStore|x64.ActiveCfg = Release|Any CPU
		{1039FBC4-9664-44C3-8542-50646B9AD6A2}.AppStore|x64.Build.0 = Release|Any CPU
		{1039FBC4-9664-44C3-8542-50646B9AD6A2}.AppStore|x86.ActiveCfg = Release|Any CPU
		{1039FBC4-9664-44C3-8542-50646B9AD6A2}.AppStore|x86.Build.0 = Release|Any CPU
		{1039FBC4-9664-44C3-8542-50646B9AD6A2}.Debug|Any CPU.ActiveCfg = Debug|Any CPU
		{1039FBC4-9664-44C3-8542-50646B9AD6A2}.Debug|Any CPU.Build.0 = Debug|Any CPU
		{1039FBC4-9664-44C3-8542-50646B9AD6A2}.Debug|ARM.ActiveCfg = Debug|Any CPU
		{1039FBC4-9664-44C3-8542-50646B9AD6A2}.Debug|ARM.Build.0 = Debug|Any CPU
		{1039FBC4-9664-44C3-8542-50646B9AD6A2}.Debug|iPhone.ActiveCfg = Debug|Any CPU
		{1039FBC4-9664-44C3-8542-50646B9AD6A2}.Debug|iPhone.Build.0 = Debug|Any CPU
		{1039FBC4-9664-44C3-8542-50646B9AD6A2}.Debug|iPhoneSimulator.ActiveCfg = Debug|Any CPU
		{1039FBC4-9664-44C3-8542-50646B9AD6A2}.Debug|iPhoneSimulator.Build.0 = Debug|Any CPU
		{1039FBC4-9664-44C3-8542-50646B9AD6A2}.Debug|x64.ActiveCfg = Debug|Any CPU
		{1039FBC4-9664-44C3-8542-50646B9AD6A2}.Debug|x64.Build.0 = Debug|Any CPU
		{1039FBC4-9664-44C3-8542-50646B9AD6A2}.Debug|x86.ActiveCfg = Debug|Any CPU
		{1039FBC4-9664-44C3-8542-50646B9AD6A2}.Debug|x86.Build.0 = Debug|Any CPU
		{1039FBC4-9664-44C3-8542-50646B9AD6A2}.Release|Any CPU.ActiveCfg = Release|Any CPU
		{1039FBC4-9664-44C3-8542-50646B9AD6A2}.Release|Any CPU.Build.0 = Release|Any CPU
		{1039FBC4-9664-44C3-8542-50646B9AD6A2}.Release|ARM.ActiveCfg = Release|Any CPU
		{1039FBC4-9664-44C3-8542-50646B9AD6A2}.Release|ARM.Build.0 = Release|Any CPU
		{1039FBC4-9664-44C3-8542-50646B9AD6A2}.Release|iPhone.ActiveCfg = Release|Any CPU
		{1039FBC4-9664-44C3-8542-50646B9AD6A2}.Release|iPhone.Build.0 = Release|Any CPU
		{1039FBC4-9664-44C3-8542-50646B9AD6A2}.Release|iPhoneSimulator.ActiveCfg = Release|Any CPU
		{1039FBC4-9664-44C3-8542-50646B9AD6A2}.Release|iPhoneSimulator.Build.0 = Release|Any CPU
		{1039FBC4-9664-44C3-8542-50646B9AD6A2}.Release|x64.ActiveCfg = Release|Any CPU
		{1039FBC4-9664-44C3-8542-50646B9AD6A2}.Release|x64.Build.0 = Release|Any CPU
		{1039FBC4-9664-44C3-8542-50646B9AD6A2}.Release|x86.ActiveCfg = Release|Any CPU
		{1039FBC4-9664-44C3-8542-50646B9AD6A2}.Release|x86.Build.0 = Release|Any CPU
	EndGlobalSection
	GlobalSection(SolutionProperties) = preSolution
		HideSolutionNode = FALSE
	EndGlobalSection
	GlobalSection(ExtensibilityGlobals) = postSolution
		SolutionGuid = {8A0198E9-E656-4918-9645-87DDB1D6D2DD}
	EndGlobalSection
EndGlobal
